Microsoft Visual Studio Solution File, Format Version 11.00
# Visual Studio 2008

Project("{938E5E2B-C9B3-85A5-9D22-EEBA3601690A}") = "taiken_150726_1", "Assembly-CSharp.csproj", "{FFAA722B-B30B-B129-A0DE-7CC0399F55CA}"
EndProject
Project("{938E5E2B-C9B3-85A5-9D22-EEBA3601690A}") = "taiken_150726_1", "Assembly-CSharp-Editor.csproj", "{169393AB-976A-17E1-C2EA-50384B61F174}"
EndProject
Global
	GlobalSection(SolutionConfigurationPlatforms) = preSolution
		Debug|Any CPU = Debug|Any CPU
		Release|Any CPU = Release|Any CPU
	EndGlobalSection
	GlobalSection(ProjectConfigurationPlatforms) = postSolution
		{FFAA722B-B30B-B129-A0DE-7CC0399F55CA}.Debug|Any CPU.ActiveCfg = Debug|Any CPU
		{FFAA722B-B30B-B129-A0DE-7CC0399F55CA}.Debug|Any CPU.Build.0 = Debug|Any CPU
		{FFAA722B-B30B-B129-A0DE-7CC0399F55CA}.Release|Any CPU.ActiveCfg = Release|Any CPU
		{FFAA722B-B30B-B129-A0DE-7CC0399F55CA}.Release|Any CPU.Build.0 = Release|Any CPU
		{169393AB-976A-17E1-C2EA-50384B61F174}.Debug|Any CPU.ActiveCfg = Debug|Any CPU
		{169393AB-976A-17E1-C2EA-50384B61F174}.Debug|Any CPU.Build.0 = Debug|Any CPU
		{169393AB-976A-17E1-C2EA-50384B61F174}.Release|Any CPU.ActiveCfg = Release|Any CPU
		{169393AB-976A-17E1-C2EA-50384B61F174}.Release|Any CPU.Build.0 = Release|Any CPU
	EndGlobalSection
	GlobalSection(SolutionProperties) = preSolution
		HideSolutionNode = FALSE
	EndGlobalSection
		GlobalSection(MonoDevelopProperties) = preSolution
		StartupItem = Assembly-CSharp.csproj
		Policies = $0
		$0.TextStylePolicy = $1
		$1.inheritsSet = null
		$1.scope = text/x-csharp
		$0.CSharpFormattingPolicy = $2
		$2.inheritsSet = Mono
		$2.inheritsScope = text/x-csharp
		$2.scope = text/x-csharp
		$0.TextStylePolicy = $3
		$3.FileWidth = 120
		$3.TabWidth = 4
		$3.IndentWidth = 4
		$3.EolMarker = Unix
		$3.inheritsSet = Mono
		$3.inheritsScope = text/plain
		$3.scope = text/plain
	EndGlobalSection

EndGlobal
